
Microsoft Visual Studio Solution File, Format Version 12.00
# Visual Studio 15
VisualStudioVersion = 15.0.27004.2009
MinimumVisualStudioVersion = 10.0.40219.1
Project("{8BC9CEB8-8B4A-11D0-8D11-00A0C91BC942}") = "CPlusOpenCV", "CPlusOpenCV\CPlusOpenCV.vcxproj", "{F9B55ACF-EACA-45F5-AE1F-6FC140325245}"
EndProject
Global
	GlobalSection(SolutionConfigurationPlatforms) = preSolution
		Debug|x64 = Debug|x64
		Debug|x86 = Debug|x86
		Release|x64 = Release|x64
		Release|x86 = Release|x86
	EndGlobalSection
	GlobalSection(ProjectConfigurationPlatforms) = postSolution
		{F9B55ACF-EACA-45F5-AE1F-6FC140325245}.Debug|x64.ActiveCfg = Debug|x64
		{F9B55ACF-EACA-45F5-AE1F-6FC140325245}.Debug|x64.Build.0 = Debug|x64
		{F9B55ACF-EACA-45F5-AE1F-6FC140325245}.Debug|x86.ActiveCfg = Debug|Win32
		{F9B55ACF-EACA-45F5-AE1F-6FC140325245}.Debug|x86.Build.0 = Debug|Win32
		{F9B55ACF-EACA-45F5-AE1F-6FC140325245}.Release|x64.ActiveCfg = Release|x64
		{F9B55ACF-EACA-45F5-AE1F-6FC140325245}.Release|x64.Build.0 = Release|x64
		{F9B55ACF-EACA-45F5-AE1F-6FC140325245}.Release|x86.ActiveCfg = Release|Win32
		{F9B55ACF-EACA-45F5-AE1F-6FC140325245}.Release|x86.Build.0 = Release|Win32
	EndGlobalSection
	GlobalSection(SolutionProperties) = preSolution
		HideSolutionNode = FALSE
	EndGlobalSection
	GlobalSection(ExtensibilityGlobals) = postSolution
		SolutionGuid = {EC334A41-823C-415B-BF9F-9C59B1BF81CC}
	EndGlobalSection
EndGlobal
